
Microsoft Visual Studio Solution File, Format Version 12.00
# Visual Studio 15
VisualStudioVersion = 15.0.28010.2041
MinimumVisualStudioVersion = 10.0.40219.1
Project("{FAE04EC0-301F-11D3-BF4B-00C04F79EFBC}") = "NET_WebAPI", "NET_WebAPI\NET_WebAPI.csproj", "{BC1CF4F3-1783-4341-9A74-95CBB93758E9}"
EndProject
Global
	GlobalSection(SolutionConfigurationPlatforms) = preSolution
		Debug|Any CPU = Debug|Any CPU
		Release|Any CPU = Release|Any CPU
	EndGlobalSection
	GlobalSection(ProjectConfigurationPlatforms) = postSolution
		{BC1CF4F3-1783-4341-9A74-95CBB93758E9}.Debug|Any CPU.ActiveCfg = Debug|Any CPU
		{BC1CF4F3-1783-4341-9A74-95CBB93758E9}.Debug|Any CPU.Build.0 = Debug|Any CPU
		{BC1CF4F3-1783-4341-9A74-95CBB93758E9}.Release|Any CPU.ActiveCfg = Release|Any CPU
		{BC1CF4F3-1783-4341-9A74-95CBB93758E9}.Release|Any CPU.Build.0 = Release|Any CPU
	EndGlobalSection
	GlobalSection(SolutionProperties) = preSolution
		HideSolutionNode = FALSE
	EndGlobalSection
	GlobalSection(ExtensibilityGlobals) = postSolution
		SolutionGuid = {F291F5F2-1AA4-4557-9B3F-CED6D01E85D6}
	EndGlobalSection
EndGlobal
